Microsoft Visual Studio Solution File, Format Version 12.00
# Visual Studio Version 17
VisualStudioVersion = 17.5.2.0
MinimumVisualStudioVersion = 10.0.40219.1
Project("{FAE04EC0-301F-11D3-BF4B-00C04F79EFBC}") = "BandDBWeb", "BandDBWeb.csproj", "{64CE79F0-895C-996B-AEF2-8D4F8A2A3FC9}"
EndProject
Global
	GlobalSection(SolutionConfigurationPlatforms) = preSolution
		Debug|Any CPU = Debug|Any CPU
		Release|Any CPU = Release|Any CPU
	EndGlobalSection
	GlobalSection(ProjectConfigurationPlatforms) = postSolution
		{64CE79F0-895C-996B-AEF2-8D4F8A2A3FC9}.Debug|Any CPU.ActiveCfg = Debug|Any CPU
		{64CE79F0-895C-996B-AEF2-8D4F8A2A3FC9}.Debug|Any CPU.Build.0 = Debug|Any CPU
		{64CE79F0-895C-996B-AEF2-8D4F8A2A3FC9}.Release|Any CPU.ActiveCfg = Release|Any CPU
		{64CE79F0-895C-996B-AEF2-8D4F8A2A3FC9}.Release|Any CPU.Build.0 = Release|Any CPU
	EndGlobalSection
	GlobalSection(SolutionProperties) = preSolution
		HideSolutionNode = FALSE
	EndGlobalSection
	GlobalSection(ExtensibilityGlobals) = postSolution
		SolutionGuid = {EC0F0DC1-EE25-4E65-A4D3-6EEFC13D0B7A}
	EndGlobalSection
EndGlobal
